
Microsoft Visual Studio Solution File, Format Version 12.00
# Visual Studio Version 17
VisualStudioVersion = 17.7.34031.279
MinimumVisualStudioVersion = 10.0.40219.1
Project("{8BC9CEB8-8B4A-11D0-8D11-00A0C91BC942}") = "Aplicatia_2", "Aplicatia_2.vcxproj", "{11C1EC26-86D9-4043-BEEF-678496A610E8}"
EndProject
Global
	GlobalSection(SolutionConfigurationPlatforms) = preSolution
		Debug|x64 = Debug|x64
		Debug|x86 = Debug|x86
		Release|x64 = Release|x64
		Release|x86 = Release|x86
	EndGlobalSection
	GlobalSection(ProjectConfigurationPlatforms) = postSolution
		{11C1EC26-86D9-4043-BEEF-678496A610E8}.Debug|x64.ActiveCfg = Debug|x64
		{11C1EC26-86D9-4043-BEEF-678496A610E8}.Debug|x64.Build.0 = Debug|x64
		{11C1EC26-86D9-4043-BEEF-678496A610E8}.Debug|x86.ActiveCfg = Debug|Win32
		{11C1EC26-86D9-4043-BEEF-678496A610E8}.Debug|x86.Build.0 = Debug|Win32
		{11C1EC26-86D9-4043-BEEF-678496A610E8}.Release|x64.ActiveCfg = Release|x64
		{11C1EC26-86D9-4043-BEEF-678496A610E8}.Release|x64.Build.0 = Release|x64
		{11C1EC26-86D9-4043-BEEF-678496A610E8}.Release|x86.ActiveCfg = Release|Win32
		{11C1EC26-86D9-4043-BEEF-678496A610E8}.Release|x86.Build.0 = Release|Win32
	EndGlobalSection
	GlobalSection(SolutionProperties) = preSolution
		HideSolutionNode = FALSE
	EndGlobalSection
	GlobalSection(ExtensibilityGlobals) = postSolution
		SolutionGuid = {B2813802-9C54-46F0-B9F5-8B3AA23547E3}
	EndGlobalSection
EndGlobal
